
Microsoft Visual Studio Solution File, Format Version 12.00
# Visual Studio Version 17
VisualStudioVersion = 17.6.33723.286
MinimumVisualStudioVersion = 10.0.40219.1
Project("{8BC9CEB8-8B4A-11D0-8D11-00A0C91BC942}") = "TDD_1", "TDD_1\TDD_1.vcxproj", "{AC18C8A9-2569-4D65-B032-25BFF2BEF7EE}"
EndProject
Project("{8BC9CEB8-8B4A-11D0-8D11-00A0C91BC942}") = "Sample-Test1", "Sample-Test1\Sample-Test1.vcxproj", "{8C3DCF7B-6E1C-4A09-B4E5-0182CBDE8598}"
EndProject
Global
	GlobalSection(SolutionConfigurationPlatforms) = preSolution
		Debug|x64 = Debug|x64
		Debug|x86 = Debug|x86
		Release|x64 = Release|x64
		Release|x86 = Release|x86
	EndGlobalSection
	GlobalSection(ProjectConfigurationPlatforms) = postSolution
		{AC18C8A9-2569-4D65-B032-25BFF2BEF7EE}.Debug|x64.ActiveCfg = Debug|x64
		{AC18C8A9-2569-4D65-B032-25BFF2BEF7EE}.Debug|x64.Build.0 = Debug|x64
		{AC18C8A9-2569-4D65-B032-25BFF2BEF7EE}.Debug|x86.ActiveCfg = Debug|Win32
		{AC18C8A9-2569-4D65-B032-25BFF2BEF7EE}.Debug|x86.Build.0 = Debug|Win32
		{AC18C8A9-2569-4D65-B032-25BFF2BEF7EE}.Release|x64.ActiveCfg = Release|x64
		{AC18C8A9-2569-4D65-B032-25BFF2BEF7EE}.Release|x64.Build.0 = Release|x64
		{AC18C8A9-2569-4D65-B032-25BFF2BEF7EE}.Release|x86.ActiveCfg = Release|Win32
		{AC18C8A9-2569-4D65-B032-25BFF2BEF7EE}.Release|x86.Build.0 = Release|Win32
		{8C3DCF7B-6E1C-4A09-B4E5-0182CBDE8598}.Debug|x64.ActiveCfg = Debug|x64
		{8C3DCF7B-6E1C-4A09-B4E5-0182CBDE8598}.Debug|x64.Build.0 = Debug|x64
		{8C3DCF7B-6E1C-4A09-B4E5-0182CBDE8598}.Debug|x86.ActiveCfg = Debug|Win32
		{8C3DCF7B-6E1C-4A09-B4E5-0182CBDE8598}.Debug|x86.Build.0 = Debug|Win32
		{8C3DCF7B-6E1C-4A09-B4E5-0182CBDE8598}.Release|x64.ActiveCfg = Release|x64
		{8C3DCF7B-6E1C-4A09-B4E5-0182CBDE8598}.Release|x64.Build.0 = Release|x64
		{8C3DCF7B-6E1C-4A09-B4E5-0182CBDE8598}.Release|x86.ActiveCfg = Release|Win32
		{8C3DCF7B-6E1C-4A09-B4E5-0182CBDE8598}.Release|x86.Build.0 = Release|Win32
	EndGlobalSection
	GlobalSection(SolutionProperties) = preSolution
		HideSolutionNode = FALSE
	EndGlobalSection
	GlobalSection(ExtensibilityGlobals) = postSolution
		SolutionGuid = {D4D60B91-C8A8-4327-BE95-BCCABFF1423F}
	EndGlobalSection
EndGlobal
